<?xml version="1.0" encoding="utf-8"?>
<Project ToolsVersion="4.0" xmlns="http://schemas.microsoft.com/developer/msbuild/2003">
  <ItemGroup>
    <ClCompile Include="main.cpp" />
    <ClCompile Include="Application.cpp">
      <Filter>App</Filter>
    </ClCompile>
    <ClCompile Include="Game.cpp">
      <Filter>Game</Filter>
    </ClCompile>
    <ClCompile Include="MainMenu.cpp">
      <Filter>States\MainMenu</Filter>
    </ClCompile>
    <ClCompile Include="PauseState.cpp">
      <Filter>States\Pause</Filter>
    </ClCompile>
    <ClCompile Include="Component.cpp">
      <Filter>Component\Base</Filter>
    </ClCompile>
    <ClCompile Include="RegisterComponents.cpp">
      <Filter>Component\Base</Filter>
    </ClCompile>
    <ClCompile Include="DemoUIButton.cpp">
      <Filter>Component\DemoUIButton</Filter>
    </ClCompile>
    <ClCompile Include="Command.cpp">
      <Filter>Commands\Base</Filter>
    </ClCompile>
    <ClCompile Include="RegisterCommands.cpp">
      <Filter>Commands\Base</Filter>
    </ClCompile>
    <ClCompile Include="CustomSprite.cpp">
      <Filter>Component\CustomSprite</Filter>
    </ClCompile>
    <ClCompile Include="QuitCommand.cpp">
      <Filter>Commands\Quit</Filter>
    </ClCompile>
    <ClCompile Include="Level1.cpp">
      <Filter>States\Level1</Filter>
    </ClCompile>
    <ClCompile Include="Map_Init_Component.cpp">
      <Filter>Component</Filter>
    </ClCompile>
    <ClCompile Include="Map_Update_Component.cpp">
      <Filter>Component</Filter>
    </ClCompile>
    <ClCompile Include="Mouse_Control_Component.cpp">
      <Filter>Component</Filter>
    </ClCompile>
    <ClCompile Include="Enemy_Generator.cpp">
      <Filter>Component</Filter>
    </ClCompile>
    <ClCompile Include="Enemy_Move_Component.cpp">
      <Filter>Component</Filter>
    </ClCompile>
    <ClCompile Include="Tower_Set_Component.cpp">
      <Filter>Component</Filter>
    </ClCompile>
    <ClCompile Include="Tower_Attack_Component.cpp">
      <Filter>Component</Filter>
    </ClCompile>
    <ClCompile Include="Level1Command.cpp">
      <Filter>States\Level1</Filter>
    </ClCompile>
    <ClCompile Include="Display_Clicked_Obj.cpp">
      <Filter>Component</Filter>
    </ClCompile>
    <ClCompile Include="Gold_Component.cpp">
      <Filter>Component</Filter>
    </ClCompile>
    <ClCompile Include="Tower_Upgrade.cpp">
      <Filter>Component</Filter>
    </ClCompile>
    <ClCompile Include="Enemy_Health_Component.cpp">
      <Filter>Component</Filter>
    </ClCompile>
    <ClCompile Include="Player_HP_Component.cpp">
      <Filter>Component</Filter>
    </ClCompile>
    <ClCompile Include="Credit.cpp">
      <Filter>States\Credit</Filter>
    </ClCompile>
    <ClCompile Include="CreditCommand.cpp">
      <Filter>States\Credit</Filter>
    </ClCompile>
    <ClCompile Include="Wave_Component.cpp">
      <Filter>Component</Filter>
    </ClCompile>
  </ItemGroup>
  <ItemGroup>
    <ClInclude Include="Application.h">
      <Filter>App</Filter>
    </ClInclude>
    <ClInclude Include="Game.h">
      <Filter>Game</Filter>
    </ClInclude>
    <ClInclude Include="CommonLevel.h">
      <Filter>States</Filter>
    </ClInclude>
    <ClInclude Include="MainMenu.h">
      <Filter>States\MainMenu</Filter>
    </ClInclude>
    <ClInclude Include="PauseState.h">
      <Filter>States\Pause</Filter>
    </ClInclude>
    <ClInclude Include="Component.h">
      <Filter>Component\Base</Filter>
    </ClInclude>
    <ClInclude Include="ComponentTypes.h">
      <Filter>Component\Base</Filter>
    </ClInclude>
    <ClInclude Include="RegisterComponents.h">
      <Filter>Component\Base</Filter>
    </ClInclude>
    <ClInclude Include="DemoUIButton.h">
      <Filter>Component\DemoUIButton</Filter>
    </ClInclude>
    <ClInclude Include="Command.h">
      <Filter>Commands\Base</Filter>
    </ClInclude>
    <ClInclude Include="CommandTypes.h">
      <Filter>Commands\Base</Filter>
    </ClInclude>
    <ClInclude Include="RegisterCommands.h">
      <Filter>Commands\Base</Filter>
    </ClInclude>
    <ClInclude Include="CustomSprite.h">
      <Filter>Component\CustomSprite</Filter>
    </ClInclude>
    <ClInclude Include="QuitCommand.h">
      <Filter>Commands\Quit</Filter>
    </ClInclude>
    <ClInclude Include="Level1.h">
      <Filter>States\Level1</Filter>
    </ClInclude>
    <ClInclude Include="Map.h">
      <Filter>States\Level1</Filter>
    </ClInclude>
    <ClInclude Include="Map_Init_Component.h">
      <Filter>Component</Filter>
    </ClInclude>
    <ClInclude Include="Map_Update_Component.h">
      <Filter>Component</Filter>
    </ClInclude>
    <ClInclude Include="Mouse_Control_Component.h">
      <Filter>Component</Filter>
    </ClInclude>
    <ClInclude Include="Enemy.h">
      <Filter>States\Level1</Filter>
    </ClInclude>
    <ClInclude Include="Enemy_Generator.h">
      <Filter>Component</Filter>
    </ClInclude>
    <ClInclude Include="Enemy_Move_Component.h">
      <Filter>Component</Filter>
    </ClInclude>
    <ClInclude Include="Tower_Set_Component.h">
      <Filter>Component</Filter>
    </ClInclude>
    <ClInclude Include="Tower.h">
      <Filter>States</Filter>
    </ClInclude>
    <ClInclude Include="Tower_Attack_Component.h">
      <Filter>Component</Filter>
    </ClInclude>
    <ClInclude Include="Level1Command.h">
      <Filter>States\Level1</Filter>
    </ClInclude>
    <ClInclude Include="Display_Clicked_Obj.h">
      <Filter>Component</Filter>
    </ClInclude>
    <ClInclude Include="Information_Board.h">
      <Filter>States\Level1</Filter>
    </ClInclude>
    <ClInclude Include="Gold_Component.h">
      <Filter>Component</Filter>
    </ClInclude>
    <ClInclude Include="Tower_Upgrade.h">
      <Filter>Component</Filter>
    </ClInclude>
    <ClInclude Include="Enemy_Health_Component.h">
      <Filter>Component</Filter>
    </ClInclude>
    <ClInclude Include="Player_HP_Component.h">
      <Filter>Component</Filter>
    </ClInclude>
    <ClInclude Include="Bullet.h" />
    <ClInclude Include="Gold.h">
      <Filter>States\Level1</Filter>
    </ClInclude>
    <ClInclude Include="Lightning.h">
      <Filter>States\Level1</Filter>
    </ClInclude>
    <ClInclude Include="Credit.h">
      <Filter>States\Credit</Filter>
    </ClInclude>
    <ClInclude Include="CreditCommand.h">
      <Filter>States\Credit</Filter>
    </ClInclude>
    <ClInclude Include="Income.h">
      <Filter>States\Level1</Filter>
    </ClInclude>
    <ClInclude Include="Wave_Component.h">
      <Filter>Component</Filter>
    </ClInclude>
  </ItemGroup>
  <ItemGroup>
    <Filter Include="Game">
      <UniqueIdentifier>{a4c61a45-6f83-4081-bec3-091c42be4108}</UniqueIdentifier>
    </Filter>
    <Filter Include="App">
      <UniqueIdentifier>{d3751412-3ba4-4576-8c36-adfa7ed352d4}</UniqueIdentifier>
    </Filter>
    <Filter Include="States">
      <UniqueIdentifier>{42c6271b-7032-405d-a083-7e1855c12c63}</UniqueIdentifier>
    </Filter>
    <Filter Include="States\MainMenu">
      <UniqueIdentifier>{1fee0eee-5a70-4de5-a63f-1c226a69796d}</UniqueIdentifier>
    </Filter>
    <Filter Include="States\Pause">
      <UniqueIdentifier>{7e8d7d18-2caf-4dce-9009-49d3b89e2115}</UniqueIdentifier>
    </Filter>
    <Filter Include="Component">
      <UniqueIdentifier>{46769dd2-a2c1-447a-9e45-790b4083b0a4}</UniqueIdentifier>
    </Filter>
    <Filter Include="Component\Base">
      <UniqueIdentifier>{1994e2ba-3034-45bb-a7a8-52886ecc67e4}</UniqueIdentifier>
    </Filter>
    <Filter Include="Component\DemoUIButton">
      <UniqueIdentifier>{44a70381-1f19-49dc-8d76-f49356199a47}</UniqueIdentifier>
    </Filter>
    <Filter Include="Commands">
      <UniqueIdentifier>{7a7e8ff8-99aa-455d-809f-625e68f1594b}</UniqueIdentifier>
    </Filter>
    <Filter Include="Commands\Base">
      <UniqueIdentifier>{48720499-fc61-47e7-9235-133c35ffe25a}</UniqueIdentifier>
    </Filter>
    <Filter Include="Component\CustomSprite">
      <UniqueIdentifier>{e32f05be-a7d4-430a-b3db-b8a952367559}</UniqueIdentifier>
    </Filter>
    <Filter Include="Commands\Quit">
      <UniqueIdentifier>{8e1121b8-a0df-4d63-99e7-790ea168291b}</UniqueIdentifier>
    </Filter>
    <Filter Include="States\Level1">
      <UniqueIdentifier>{07515c76-07e8-4a34-8cc2-a6da0742a573}</UniqueIdentifier>
    </Filter>
    <Filter Include="States\Credit">
      <UniqueIdentifier>{3f14dfe8-8df6-42c1-a5d8-d732bd528a05}</UniqueIdentifier>
    </Filter>
  </ItemGroup>
</Project>